// !$*UTF8*$!
{
	archiveVersion = 1;
	classes = {};
	objectVersion = 56;
	objects = {

/* Begin PBXBuildFile section */
		AAAA00000000000000000009 /* AppConstants.swift in Sources */ = {isa = PBXBuildFile; fileRef = AAAA00000000000000000008 /* AppConstants.swift */; };
		AAAA0000000000000000000B /* AppDelegate.swift in Sources */ = {isa = PBXBuildFile; fileRef = AAAA0000000000000000000A /* AppDelegate.swift */; };
		AAAA0000000000000000000D /* DependencyContainer.swift in Sources */ = {isa = PBXBuildFile; fileRef = AAAA0000000000000000000C /* DependencyContainer.swift */; };
		AAAA0000000000000000000F /* ZIPTrackerApp.swift in Sources */ = {isa = PBXBuildFile; fileRef = AAAA0000000000000000000E /* ZIPTrackerApp.swift */; };
		AAAA00000000000000000011 /* BackgroundLocationService.swift in Sources */ = {isa = PBXBuildFile; fileRef = AAAA00000000000000000010 /* BackgroundLocationService.swift */; };
		AAAA00000000000000000013 /* LocationAuthorizationService.swift in Sources */ = {isa = PBXBuildFile; fileRef = AAAA00000000000000000012 /* LocationAuthorizationService.swift */; };
		AAAA00000000000000000015 /* LocationEventProcessor.swift in Sources */ = {isa = PBXBuildFile; fileRef = AAAA00000000000000000014 /* LocationEventProcessor.swift */; };
		AAAA00000000000000000017 /* LocationFilter.swift in Sources */ = {isa = PBXBuildFile; fileRef = AAAA00000000000000000016 /* LocationFilter.swift */; };
		AAAA00000000000000000019 /* SimulatedLocationPlayer.swift in Sources */ = {isa = PBXBuildFile; fileRef = AAAA00000000000000000018 /* SimulatedLocationPlayer.swift */; };
		AAAA0000000000000000001B /* TrackingState.swift in Sources */ = {isa = PBXBuildFile; fileRef = AAAA0000000000000000001A /* TrackingState.swift */; };
		AAAA0000000000000000001D /* MapZoomResolver.swift in Sources */ = {isa = PBXBuildFile; fileRef = AAAA0000000000000000001C /* MapZoomResolver.swift */; };
		AAAA0000000000000000001F /* TrackerMapCoordinator.swift in Sources */ = {isa = PBXBuildFile; fileRef = AAAA0000000000000000001E /* TrackerMapCoordinator.swift */; };
		AAAA00000000000000000021 /* TrackerMapViewRepresentable.swift in Sources */ = {isa = PBXBuildFile; fileRef = AAAA00000000000000000020 /* TrackerMapViewRepresentable.swift */; };
		AAAA00000000000000000023 /* ZCTAOverlayFactory.swift in Sources */ = {isa = PBXBuildFile; fileRef = AAAA00000000000000000022 /* ZCTAOverlayFactory.swift */; };
		AAAA00000000000000000025 /* ZCTAOverlayRenderer.swift in Sources */ = {isa = PBXBuildFile; fileRef = AAAA00000000000000000024 /* ZCTAOverlayRenderer.swift */; };
		AAAA00000000000000000027 /* ZTAMapAnnotation.swift in Sources */ = {isa = PBXBuildFile; fileRef = AAAA00000000000000000026 /* ZTAMapAnnotation.swift */; };
		AAAA00000000000000000029 /* AppSettings.swift in Sources */ = {isa = PBXBuildFile; fileRef = AAAA00000000000000000028 /* AppSettings.swift */; };
		AAAA0000000000000000002B /* ExportRecord.swift in Sources */ = {isa = PBXBuildFile; fileRef = AAAA0000000000000000002A /* ExportRecord.swift */; };
		AAAA0000000000000000002D /* ModelSchema.swift in Sources */ = {isa = PBXBuildFile; fileRef = AAAA0000000000000000002C /* ModelSchema.swift */; };
		AAAA0000000000000000002F /* TrackedZCTA.swift in Sources */ = {isa = PBXBuildFile; fileRef = AAAA0000000000000000002E /* TrackedZCTA.swift */; };
		AAAA00000000000000000031 /* TrackingEventLog.swift in Sources */ = {isa = PBXBuildFile; fileRef = AAAA00000000000000000030 /* TrackingEventLog.swift */; };
		AAAA00000000000000000033 /* ValueTypes.swift in Sources */ = {isa = PBXBuildFile; fileRef = AAAA00000000000000000032 /* ValueTypes.swift */; };
		AAAA00000000000000000035 /* ZCTAVisit.swift in Sources */ = {isa = PBXBuildFile; fileRef = AAAA00000000000000000034 /* ZCTAVisit.swift */; };
		AAAA00000000000000000037 /* CSVService.swift in Sources */ = {isa = PBXBuildFile; fileRef = AAAA00000000000000000036 /* CSVService.swift */; };
		AAAA00000000000000000039 /* ExportService.swift in Sources */ = {isa = PBXBuildFile; fileRef = AAAA00000000000000000038 /* ExportService.swift */; };
		AAAA0000000000000000003B /* FileStore.swift in Sources */ = {isa = PBXBuildFile; fileRef = AAAA0000000000000000003A /* FileStore.swift */; };
		AAAA0000000000000000003D /* HapticsService.swift in Sources */ = {isa = PBXBuildFile; fileRef = AAAA0000000000000000003C /* HapticsService.swift */; };
		AAAA0000000000000000003F /* SampleDataService.swift in Sources */ = {isa = PBXBuildFile; fileRef = AAAA0000000000000000003E /* SampleDataService.swift */; };
		AAAA00000000000000000041 /* StatisticsService.swift in Sources */ = {isa = PBXBuildFile; fileRef = AAAA00000000000000000040 /* StatisticsService.swift */; };
		AAAA00000000000000000043 /* VisitTransitionService.swift in Sources */ = {isa = PBXBuildFile; fileRef = AAAA00000000000000000042 /* VisitTransitionService.swift */; };
		AAAA00000000000000000045 /* DashboardViewModel.swift in Sources */ = {isa = PBXBuildFile; fileRef = AAAA00000000000000000044 /* DashboardViewModel.swift */; };
		AAAA00000000000000000047 /* DataStatusViewModel.swift in Sources */ = {isa = PBXBuildFile; fileRef = AAAA00000000000000000046 /* DataStatusViewModel.swift */; };
		AAAA00000000000000000049 /* HistoryViewModel.swift in Sources */ = {isa = PBXBuildFile; fileRef = AAAA00000000000000000048 /* HistoryViewModel.swift */; };
		AAAA0000000000000000004B /* MapViewModel.swift in Sources */ = {isa = PBXBuildFile; fileRef = AAAA0000000000000000004A /* MapViewModel.swift */; };
		AAAA0000000000000000004D /* RootViewModel.swift in Sources */ = {isa = PBXBuildFile; fileRef = AAAA0000000000000000004C /* RootViewModel.swift */; };
		AAAA0000000000000000004F /* SettingsViewModel.swift in Sources */ = {isa = PBXBuildFile; fileRef = AAAA0000000000000000004E /* SettingsViewModel.swift */; };
		AAAA00000000000000000051 /* ZCTADetailViewModel.swift in Sources */ = {isa = PBXBuildFile; fileRef = AAAA00000000000000000050 /* ZCTADetailViewModel.swift */; };
		AAAA00000000000000000053 /* AppTabView.swift in Sources */ = {isa = PBXBuildFile; fileRef = AAAA00000000000000000052 /* AppTabView.swift */; };
		AAAA00000000000000000055 /* ActivityView.swift in Sources */ = {isa = PBXBuildFile; fileRef = AAAA00000000000000000054 /* ActivityView.swift */; };
		AAAA00000000000000000057 /* EmptyStateView.swift in Sources */ = {isa = PBXBuildFile; fileRef = AAAA00000000000000000056 /* EmptyStateView.swift */; };
		AAAA00000000000000000059 /* ErrorBanner.swift in Sources */ = {isa = PBXBuildFile; fileRef = AAAA00000000000000000058 /* ErrorBanner.swift */; };
		AAAA0000000000000000005B /* Formatters.swift in Sources */ = {isa = PBXBuildFile; fileRef = AAAA0000000000000000005A /* Formatters.swift */; };
		AAAA0000000000000000005D /* GlassPanel.swift in Sources */ = {isa = PBXBuildFile; fileRef = AAAA0000000000000000005C /* GlassPanel.swift */; };
		AAAA0000000000000000005F /* PrimaryButton.swift in Sources */ = {isa = PBXBuildFile; fileRef = AAAA0000000000000000005E /* PrimaryButton.swift */; };
		AAAA00000000000000000061 /* CurrentZCTACard.swift in Sources */ = {isa = PBXBuildFile; fileRef = AAAA00000000000000000060 /* CurrentZCTACard.swift */; };
		AAAA00000000000000000063 /* DashboardView.swift in Sources */ = {isa = PBXBuildFile; fileRef = AAAA00000000000000000062 /* DashboardView.swift */; };
		AAAA00000000000000000065 /* DataStatusView.swift in Sources */ = {isa = PBXBuildFile; fileRef = AAAA00000000000000000064 /* DataStatusView.swift */; };
		AAAA00000000000000000067 /* ExportDataView.swift in Sources */ = {isa = PBXBuildFile; fileRef = AAAA00000000000000000066 /* ExportDataView.swift */; };
		AAAA00000000000000000069 /* HistoryView.swift in Sources */ = {isa = PBXBuildFile; fileRef = AAAA00000000000000000068 /* HistoryView.swift */; };
		AAAA0000000000000000006B /* MapControlsPanel.swift in Sources */ = {isa = PBXBuildFile; fileRef = AAAA0000000000000000006A /* MapControlsPanel.swift */; };
		AAAA0000000000000000006D /* OnboardingView.swift in Sources */ = {isa = PBXBuildFile; fileRef = AAAA0000000000000000006C /* OnboardingView.swift */; };
		AAAA0000000000000000006F /* PermissionEducationView.swift in Sources */ = {isa = PBXBuildFile; fileRef = AAAA0000000000000000006E /* PermissionEducationView.swift */; };
		AAAA00000000000000000071 /* PrivacyHelpView.swift in Sources */ = {isa = PBXBuildFile; fileRef = AAAA00000000000000000070 /* PrivacyHelpView.swift */; };
		AAAA00000000000000000073 /* RootView.swift in Sources */ = {isa = PBXBuildFile; fileRef = AAAA00000000000000000072 /* RootView.swift */; };
		AAAA00000000000000000075 /* SelectedZCTACard.swift in Sources */ = {isa = PBXBuildFile; fileRef = AAAA00000000000000000074 /* SelectedZCTACard.swift */; };
		AAAA00000000000000000077 /* SettingsView.swift in Sources */ = {isa = PBXBuildFile; fileRef = AAAA00000000000000000076 /* SettingsView.swift */; };
		AAAA00000000000000000079 /* StatisticsView.swift in Sources */ = {isa = PBXBuildFile; fileRef = AAAA00000000000000000078 /* StatisticsView.swift */; };
		AAAA0000000000000000007B /* TrackerMapView.swift in Sources */ = {isa = PBXBuildFile; fileRef = AAAA0000000000000000007A /* TrackerMapView.swift */; };
		AAAA0000000000000000007D /* TrackingSettingsView.swift in Sources */ = {isa = PBXBuildFile; fileRef = AAAA0000000000000000007C /* TrackingSettingsView.swift */; };
		AAAA0000000000000000007F /* TrackingStatusCard.swift in Sources */ = {isa = PBXBuildFile; fileRef = AAAA0000000000000000007E /* TrackingStatusCard.swift */; };
		AAAA00000000000000000081 /* VisitTimelineView.swift in Sources */ = {isa = PBXBuildFile; fileRef = AAAA00000000000000000080 /* VisitTimelineView.swift */; };
		AAAA00000000000000000083 /* ZCTADetailView.swift in Sources */ = {isa = PBXBuildFile; fileRef = AAAA00000000000000000082 /* ZCTADetailView.swift */; };
		AAAA00000000000000000085 /* ZCTAVisitRow.swift in Sources */ = {isa = PBXBuildFile; fileRef = AAAA00000000000000000084 /* ZCTAVisitRow.swift */; };
		AAAA00000000000000000087 /* PointInPolygon.swift in Sources */ = {isa = PBXBuildFile; fileRef = AAAA00000000000000000086 /* PointInPolygon.swift */; };
		AAAA00000000000000000089 /* SpatialIndexTypes.swift in Sources */ = {isa = PBXBuildFile; fileRef = AAAA00000000000000000088 /* SpatialIndexTypes.swift */; };
		AAAA0000000000000000008B /* ZCTABundleMetadata.swift in Sources */ = {isa = PBXBuildFile; fileRef = AAAA0000000000000000008A /* ZCTABundleMetadata.swift */; };
		AAAA0000000000000000008D /* ZCTADatabase.swift in Sources */ = {isa = PBXBuildFile; fileRef = AAAA0000000000000000008C /* ZCTADatabase.swift */; };
		AAAA0000000000000000008F /* ZCTAGeometryService.swift in Sources */ = {isa = PBXBuildFile; fileRef = AAAA0000000000000000008E /* ZCTAGeometryService.swift */; };
		AAAA00000000000000000091 /* ZCTAIndex.swift in Sources */ = {isa = PBXBuildFile; fileRef = AAAA00000000000000000090 /* ZCTAIndex.swift */; };
		AAAA00000000000000000093 /* ZCTAPolygon.swift in Sources */ = {isa = PBXBuildFile; fileRef = AAAA00000000000000000092 /* ZCTAPolygon.swift */; };
		AAAA00000000000000000095 /* ZCTAPolygonCodec.swift in Sources */ = {isa = PBXBuildFile; fileRef = AAAA00000000000000000094 /* ZCTAPolygonCodec.swift */; };
		AAAA00000000000000000096 /* Assets.xcassets in Resources */ = {isa = PBXBuildFile; fileRef = AAAA00000000000000000005 /* Assets.xcassets */; };
		AAAA00000000000000000097 /* PrivacyInfo.xcprivacy in Resources */ = {isa = PBXBuildFile; fileRef = AAAA00000000000000000004 /* PrivacyInfo.xcprivacy */; };
		AAAA00000000000000000098 /* ZCTA in Resources */ = {isa = PBXBuildFile; fileRef = AAAA00000000000000000006 /* ZCTA */; };
		AAAA0000000000000000009A /* CSVServiceTests.swift in Sources */ = {isa = PBXBuildFile; fileRef = AAAA00000000000000000099 /* CSVServiceTests.swift */; };
		AAAA0000000000000000009C /* LocationFilterTests.swift in Sources */ = {isa = PBXBuildFile; fileRef = AAAA0000000000000000009B /* LocationFilterTests.swift */; };
		AAAA0000000000000000009E /* MapZoomResolverTests.swift in Sources */ = {isa = PBXBuildFile; fileRef = AAAA0000000000000000009D /* MapZoomResolverTests.swift */; };
		AAAA000000000000000000A0 /* PointInPolygonTests.swift in Sources */ = {isa = PBXBuildFile; fileRef = AAAA0000000000000000009F /* PointInPolygonTests.swift */; };
		AAAA000000000000000000A2 /* StatisticsServiceTests.swift in Sources */ = {isa = PBXBuildFile; fileRef = AAAA000000000000000000A1 /* StatisticsServiceTests.swift */; };
		AAAA000000000000000000A4 /* VisitTransitionServiceTests.swift in Sources */ = {isa = PBXBuildFile; fileRef = AAAA000000000000000000A3 /* VisitTransitionServiceTests.swift */; };
		AAAA000000000000000000A6 /* ZCTAIndexTests.swift in Sources */ = {isa = PBXBuildFile; fileRef = AAAA000000000000000000A5 /* ZCTAIndexTests.swift */; };
		AAAA000000000000000000A8 /* ZCTAPolygonCodecTests.swift in Sources */ = {isa = PBXBuildFile; fileRef = AAAA000000000000000000A7 /* ZCTAPolygonCodecTests.swift */; };
		AAAA000000000000000000A9 /* zcta_sample.sqlite in Resources */ = {isa = PBXBuildFile; fileRef = AAAA00000000000000000007 /* zcta_sample.sqlite */; };
/* End PBXBuildFile section */

/* Begin PBXContainerItemProxy section */
		AAAA000000000000000000C9 /* PBXContainerItemProxy */ = {
			isa = PBXContainerItemProxy;
			containerPortal = AAAA000000000000DEADBEEF /* Project object */;
			proxyType = 1;
			remoteGlobalIDString = AAAA000000000000000000C7;
			remoteInfo = ZIPTracker;
		};
/* End PBXContainerItemProxy section */

/* Begin PBXFileReference section */
		AAAA00000000000000000001 /* ZIPTracker.app */ = {isa = PBXFileReference; explicitFileType = "wrapper.application"; includeInIndex = 0; path = "ZIPTracker.app"; sourceTree = BUILT_PRODUCTS_DIR; };
		AAAA00000000000000000002 /* ZIPTrackerTests.xctest */ = {isa = PBXFileReference; explicitFileType = "wrapper.cfbundle"; includeInIndex = 0; path = "ZIPTrackerTests.xctest"; sourceTree = BUILT_PRODUCTS_DIR; };
		AAAA00000000000000000003 /* Info.plist */ = {isa = PBXFileReference; lastKnownFileType = text.plist.xml; name = "Info.plist"; path = "ZIPTracker/Resources/Info.plist"; sourceTree = "<group>"; };
		AAAA00000000000000000004 /* PrivacyInfo.xcprivacy */ = {isa = PBXFileReference; lastKnownFileType = text.plist.xml; name = "PrivacyInfo.xcprivacy"; path = "ZIPTracker/Resources/PrivacyInfo.xcprivacy"; sourceTree = "<group>"; };
		AAAA00000000000000000005 /* Assets.xcassets */ = {isa = PBXFileReference; lastKnownFileType = folder.assetcatalog; name = "Assets.xcassets"; path = "ZIPTracker/Resources/Assets.xcassets"; sourceTree = "<group>"; };
		AAAA00000000000000000006 /* ZCTA */ = {isa = PBXFileReference; lastKnownFileType = folder; name = ZCTA; path = "ZIPTracker/Resources/ZCTA"; sourceTree = "<group>"; };
		AAAA00000000000000000007 /* zcta_sample.sqlite */ = {isa = PBXFileReference; lastKnownFileType = file; name = "zcta_sample.sqlite"; path = "ZIPTracker/Resources/ZCTA/zcta_sample.sqlite"; sourceTree = "<group>"; };
		AAAA00000000000000000008 /* AppConstants.swift */ = {isa = PBXFileReference; lastKnownFileType = sourcecode.swift; name = "AppConstants.swift"; path = "ZIPTracker/App/AppConstants.swift"; sourceTree = "<group>"; };
		AAAA0000000000000000000A /* AppDelegate.swift */ = {isa = PBXFileReference; lastKnownFileType = sourcecode.swift; name = "AppDelegate.swift"; path = "ZIPTracker/App/AppDelegate.swift"; sourceTree = "<group>"; };
		AAAA0000000000000000000C /* DependencyContainer.swift */ = {isa = PBXFileReference; lastKnownFileType = sourcecode.swift; name = "DependencyContainer.swift"; path = "ZIPTracker/App/DependencyContainer.swift"; sourceTree = "<group>"; };
		AAAA0000000000000000000E /* ZIPTrackerApp.swift */ = {isa = PBXFileReference; lastKnownFileType = sourcecode.swift; name = "ZIPTrackerApp.swift"; path = "ZIPTracker/App/ZIPTrackerApp.swift"; sourceTree = "<group>"; };
		AAAA00000000000000000010 /* BackgroundLocationService.swift */ = {isa = PBXFileReference; lastKnownFileType = sourcecode.swift; name = "BackgroundLocationService.swift"; path = "ZIPTracker/Location/BackgroundLocationService.swift"; sourceTree = "<group>"; };
		AAAA00000000000000000012 /* LocationAuthorizationService.swift */ = {isa = PBXFileReference; lastKnownFileType = sourcecode.swift; name = "LocationAuthorizationService.swift"; path = "ZIPTracker/Location/LocationAuthorizationService.swift"; sourceTree = "<group>"; };
		AAAA00000000000000000014 /* LocationEventProcessor.swift */ = {isa = PBXFileReference; lastKnownFileType = sourcecode.swift; name = "LocationEventProcessor.swift"; path = "ZIPTracker/Location/LocationEventProcessor.swift"; sourceTree = "<group>"; };
		AAAA00000000000000000016 /* LocationFilter.swift */ = {isa = PBXFileReference; lastKnownFileType = sourcecode.swift; name = "LocationFilter.swift"; path = "ZIPTracker/Location/LocationFilter.swift"; sourceTree = "<group>"; };
		AAAA00000000000000000018 /* SimulatedLocationPlayer.swift */ = {isa = PBXFileReference; lastKnownFileType = sourcecode.swift; name = "SimulatedLocationPlayer.swift"; path = "ZIPTracker/Location/SimulatedLocationPlayer.swift"; sourceTree = "<group>"; };
		AAAA0000000000000000001A /* TrackingState.swift */ = {isa = PBXFileReference; lastKnownFileType = sourcecode.swift; name = "TrackingState.swift"; path = "ZIPTracker/Location/TrackingState.swift"; sourceTree = "<group>"; };
		AAAA0000000000000000001C /* MapZoomResolver.swift */ = {isa = PBXFileReference; lastKnownFileType = sourcecode.swift; name = "MapZoomResolver.swift"; path = "ZIPTracker/Map/MapZoomResolver.swift"; sourceTree = "<group>"; };
		AAAA0000000000000000001E /* TrackerMapCoordinator.swift */ = {isa = PBXFileReference; lastKnownFileType = sourcecode.swift; name = "TrackerMapCoordinator.swift"; path = "ZIPTracker/Map/TrackerMapCoordinator.swift"; sourceTree = "<group>"; };
		AAAA00000000000000000020 /* TrackerMapViewRepresentable.swift */ = {isa = PBXFileReference; lastKnownFileType = sourcecode.swift; name = "TrackerMapViewRepresentable.swift"; path = "ZIPTracker/Map/TrackerMapViewRepresentable.swift"; sourceTree = "<group>"; };
		AAAA00000000000000000022 /* ZCTAOverlayFactory.swift */ = {isa = PBXFileReference; lastKnownFileType = sourcecode.swift; name = "ZCTAOverlayFactory.swift"; path = "ZIPTracker/Map/ZCTAOverlayFactory.swift"; sourceTree = "<group>"; };
		AAAA00000000000000000024 /* ZCTAOverlayRenderer.swift */ = {isa = PBXFileReference; lastKnownFileType = sourcecode.swift; name = "ZCTAOverlayRenderer.swift"; path = "ZIPTracker/Map/ZCTAOverlayRenderer.swift"; sourceTree = "<group>"; };
		AAAA00000000000000000026 /* ZTAMapAnnotation.swift */ = {isa = PBXFileReference; lastKnownFileType = sourcecode.swift; name = "ZTAMapAnnotation.swift"; path = "ZIPTracker/Map/ZTAMapAnnotation.swift"; sourceTree = "<group>"; };
		AAAA00000000000000000028 /* AppSettings.swift */ = {isa = PBXFileReference; lastKnownFileType = sourcecode.swift; name = "AppSettings.swift"; path = "ZIPTracker/Models/AppSettings.swift"; sourceTree = "<group>"; };
		AAAA0000000000000000002A /* ExportRecord.swift */ = {isa = PBXFileReference; lastKnownFileType = sourcecode.swift; name = "ExportRecord.swift"; path = "ZIPTracker/Models/ExportRecord.swift"; sourceTree = "<group>"; };
		AAAA0000000000000000002C /* ModelSchema.swift */ = {isa = PBXFileReference; lastKnownFileType = sourcecode.swift; name = "ModelSchema.swift"; path = "ZIPTracker/Models/ModelSchema.swift"; sourceTree = "<group>"; };
		AAAA0000000000000000002E /* TrackedZCTA.swift */ = {isa = PBXFileReference; lastKnownFileType = sourcecode.swift; name = "TrackedZCTA.swift"; path = "ZIPTracker/Models/TrackedZCTA.swift"; sourceTree = "<group>"; };
		AAAA00000000000000000030 /* TrackingEventLog.swift */ = {isa = PBXFileReference; lastKnownFileType = sourcecode.swift; name = "TrackingEventLog.swift"; path = "ZIPTracker/Models/TrackingEventLog.swift"; sourceTree = "<group>"; };
		AAAA00000000000000000032 /* ValueTypes.swift */ = {isa = PBXFileReference; lastKnownFileType = sourcecode.swift; name = "ValueTypes.swift"; path = "ZIPTracker/Models/ValueTypes.swift"; sourceTree = "<group>"; };
		AAAA00000000000000000034 /* ZCTAVisit.swift */ = {isa = PBXFileReference; lastKnownFileType = sourcecode.swift; name = "ZCTAVisit.swift"; path = "ZIPTracker/Models/ZCTAVisit.swift"; sourceTree = "<group>"; };
		AAAA00000000000000000036 /* CSVService.swift */ = {isa = PBXFileReference; lastKnownFileType = sourcecode.swift; name = "CSVService.swift"; path = "ZIPTracker/Services/CSVService.swift"; sourceTree = "<group>"; };
		AAAA00000000000000000038 /* ExportService.swift */ = {isa = PBXFileReference; lastKnownFileType = sourcecode.swift; name = "ExportService.swift"; path = "ZIPTracker/Services/ExportService.swift"; sourceTree = "<group>"; };
		AAAA0000000000000000003A /* FileStore.swift */ = {isa = PBXFileReference; lastKnownFileType = sourcecode.swift; name = "FileStore.swift"; path = "ZIPTracker/Services/FileStore.swift"; sourceTree = "<group>"; };
		AAAA0000000000000000003C /* HapticsService.swift */ = {isa = PBXFileReference; lastKnownFileType = sourcecode.swift; name = "HapticsService.swift"; path = "ZIPTracker/Services/HapticsService.swift"; sourceTree = "<group>"; };
		AAAA0000000000000000003E /* SampleDataService.swift */ = {isa = PBXFileReference; lastKnownFileType = sourcecode.swift; name = "SampleDataService.swift"; path = "ZIPTracker/Services/SampleDataService.swift"; sourceTree = "<group>"; };
		AAAA00000000000000000040 /* StatisticsService.swift */ = {isa = PBXFileReference; lastKnownFileType = sourcecode.swift; name = "StatisticsService.swift"; path = "ZIPTracker/Services/StatisticsService.swift"; sourceTree = "<group>"; };
		AAAA00000000000000000042 /* VisitTransitionService.swift */ = {isa = PBXFileReference; lastKnownFileType = sourcecode.swift; name = "VisitTransitionService.swift"; path = "ZIPTracker/Services/VisitTransitionService.swift"; sourceTree = "<group>"; };
		AAAA00000000000000000044 /* DashboardViewModel.swift */ = {isa = PBXFileReference; lastKnownFileType = sourcecode.swift; name = "DashboardViewModel.swift"; path = "ZIPTracker/ViewModels/DashboardViewModel.swift"; sourceTree = "<group>"; };
		AAAA00000000000000000046 /* DataStatusViewModel.swift */ = {isa = PBXFileReference; lastKnownFileType = sourcecode.swift; name = "DataStatusViewModel.swift"; path = "ZIPTracker/ViewModels/DataStatusViewModel.swift"; sourceTree = "<group>"; };
		AAAA00000000000000000048 /* HistoryViewModel.swift */ = {isa = PBXFileReference; lastKnownFileType = sourcecode.swift; name = "HistoryViewModel.swift"; path = "ZIPTracker/ViewModels/HistoryViewModel.swift"; sourceTree = "<group>"; };
		AAAA0000000000000000004A /* MapViewModel.swift */ = {isa = PBXFileReference; lastKnownFileType = sourcecode.swift; name = "MapViewModel.swift"; path = "ZIPTracker/ViewModels/MapViewModel.swift"; sourceTree = "<group>"; };
		AAAA0000000000000000004C /* RootViewModel.swift */ = {isa = PBXFileReference; lastKnownFileType = sourcecode.swift; name = "RootViewModel.swift"; path = "ZIPTracker/ViewModels/RootViewModel.swift"; sourceTree = "<group>"; };
		AAAA0000000000000000004E /* SettingsViewModel.swift */ = {isa = PBXFileReference; lastKnownFileType = sourcecode.swift; name = "SettingsViewModel.swift"; path = "ZIPTracker/ViewModels/SettingsViewModel.swift"; sourceTree = "<group>"; };
		AAAA00000000000000000050 /* ZCTADetailViewModel.swift */ = {isa = PBXFileReference; lastKnownFileType = sourcecode.swift; name = "ZCTADetailViewModel.swift"; path = "ZIPTracker/ViewModels/ZCTADetailViewModel.swift"; sourceTree = "<group>"; };
		AAAA00000000000000000052 /* AppTabView.swift */ = {isa = PBXFileReference; lastKnownFileType = sourcecode.swift; name = "AppTabView.swift"; path = "ZIPTracker/Views/AppTabView.swift"; sourceTree = "<group>"; };
		AAAA00000000000000000054 /* ActivityView.swift */ = {isa = PBXFileReference; lastKnownFileType = sourcecode.swift; name = "ActivityView.swift"; path = "ZIPTracker/Views/Components/ActivityView.swift"; sourceTree = "<group>"; };
		AAAA00000000000000000056 /* EmptyStateView.swift */ = {isa = PBXFileReference; lastKnownFileType = sourcecode.swift; name = "EmptyStateView.swift"; path = "ZIPTracker/Views/Components/EmptyStateView.swift"; sourceTree = "<group>"; };
		AAAA00000000000000000058 /* ErrorBanner.swift */ = {isa = PBXFileReference; lastKnownFileType = sourcecode.swift; name = "ErrorBanner.swift"; path = "ZIPTracker/Views/Components/ErrorBanner.swift"; sourceTree = "<group>"; };
		AAAA0000000000000000005A /* Formatters.swift */ = {isa = PBXFileReference; lastKnownFileType = sourcecode.swift; name = "Formatters.swift"; path = "ZIPTracker/Views/Components/Formatters.swift"; sourceTree = "<group>"; };
		AAAA0000000000000000005C /* GlassPanel.swift */ = {isa = PBXFileReference; lastKnownFileType = sourcecode.swift; name = "GlassPanel.swift"; path = "ZIPTracker/Views/Components/GlassPanel.swift"; sourceTree = "<group>"; };
		AAAA0000000000000000005E /* PrimaryButton.swift */ = {isa = PBXFileReference; lastKnownFileType = sourcecode.swift; name = "PrimaryButton.swift"; path = "ZIPTracker/Views/Components/PrimaryButton.swift"; sourceTree = "<group>"; };
		AAAA00000000000000000060 /* CurrentZCTACard.swift */ = {isa = PBXFileReference; lastKnownFileType = sourcecode.swift; name = "CurrentZCTACard.swift"; path = "ZIPTracker/Views/CurrentZCTACard.swift"; sourceTree = "<group>"; };
		AAAA00000000000000000062 /* DashboardView.swift */ = {isa = PBXFileReference; lastKnownFileType = sourcecode.swift; name = "DashboardView.swift"; path = "ZIPTracker/Views/DashboardView.swift"; sourceTree = "<group>"; };
		AAAA00000000000000000064 /* DataStatusView.swift */ = {isa = PBXFileReference; lastKnownFileType = sourcecode.swift; name = "DataStatusView.swift"; path = "ZIPTracker/Views/DataStatusView.swift"; sourceTree = "<group>"; };
		AAAA00000000000000000066 /* ExportDataView.swift */ = {isa = PBXFileReference; lastKnownFileType = sourcecode.swift; name = "ExportDataView.swift"; path = "ZIPTracker/Views/ExportDataView.swift"; sourceTree = "<group>"; };
		AAAA00000000000000000068 /* HistoryView.swift */ = {isa = PBXFileReference; lastKnownFileType = sourcecode.swift; name = "HistoryView.swift"; path = "ZIPTracker/Views/HistoryView.swift"; sourceTree = "<group>"; };
		AAAA0000000000000000006A /* MapControlsPanel.swift */ = {isa = PBXFileReference; lastKnownFileType = sourcecode.swift; name = "MapControlsPanel.swift"; path = "ZIPTracker/Views/MapControlsPanel.swift"; sourceTree = "<group>"; };
		AAAA0000000000000000006C /* OnboardingView.swift */ = {isa = PBXFileReference; lastKnownFileType = sourcecode.swift; name = "OnboardingView.swift"; path = "ZIPTracker/Views/OnboardingView.swift"; sourceTree = "<group>"; };
		AAAA0000000000000000006E /* PermissionEducationView.swift */ = {isa = PBXFileReference; lastKnownFileType = sourcecode.swift; name = "PermissionEducationView.swift"; path = "ZIPTracker/Views/PermissionEducationView.swift"; sourceTree = "<group>"; };
		AAAA00000000000000000070 /* PrivacyHelpView.swift */ = {isa = PBXFileReference; lastKnownFileType = sourcecode.swift; name = "PrivacyHelpView.swift"; path = "ZIPTracker/Views/PrivacyHelpView.swift"; sourceTree = "<group>"; };
		AAAA00000000000000000072 /* RootView.swift */ = {isa = PBXFileReference; lastKnownFileType = sourcecode.swift; name = "RootView.swift"; path = "ZIPTracker/Views/RootView.swift"; sourceTree = "<group>"; };
		AAAA00000000000000000074 /* SelectedZCTACard.swift */ = {isa = PBXFileReference; lastKnownFileType = sourcecode.swift; name = "SelectedZCTACard.swift"; path = "ZIPTracker/Views/SelectedZCTACard.swift"; sourceTree = "<group>"; };
		AAAA00000000000000000076 /* SettingsView.swift */ = {isa = PBXFileReference; lastKnownFileType = sourcecode.swift; name = "SettingsView.swift"; path = "ZIPTracker/Views/SettingsView.swift"; sourceTree = "<group>"; };
		AAAA00000000000000000078 /* StatisticsView.swift */ = {isa = PBXFileReference; lastKnownFileType = sourcecode.swift; name = "StatisticsView.swift"; path = "ZIPTracker/Views/StatisticsView.swift"; sourceTree = "<group>"; };
		AAAA0000000000000000007A /* TrackerMapView.swift */ = {isa = PBXFileReference; lastKnownFileType = sourcecode.swift; name = "TrackerMapView.swift"; path = "ZIPTracker/Views/TrackerMapView.swift"; sourceTree = "<group>"; };
		AAAA0000000000000000007C /* TrackingSettingsView.swift */ = {isa = PBXFileReference; lastKnownFileType = sourcecode.swift; name = "TrackingSettingsView.swift"; path = "ZIPTracker/Views/TrackingSettingsView.swift"; sourceTree = "<group>"; };
		AAAA0000000000000000007E /* TrackingStatusCard.swift */ = {isa = PBXFileReference; lastKnownFileType = sourcecode.swift; name = "TrackingStatusCard.swift"; path = "ZIPTracker/Views/TrackingStatusCard.swift"; sourceTree = "<group>"; };
		AAAA00000000000000000080 /* VisitTimelineView.swift */ = {isa = PBXFileReference; lastKnownFileType = sourcecode.swift; name = "VisitTimelineView.swift"; path = "ZIPTracker/Views/VisitTimelineView.swift"; sourceTree = "<group>"; };
		AAAA00000000000000000082 /* ZCTADetailView.swift */ = {isa = PBXFileReference; lastKnownFileType = sourcecode.swift; name = "ZCTADetailView.swift"; path = "ZIPTracker/Views/ZCTADetailView.swift"; sourceTree = "<group>"; };
		AAAA00000000000000000084 /* ZCTAVisitRow.swift */ = {isa = PBXFileReference; lastKnownFileType = sourcecode.swift; name = "ZCTAVisitRow.swift"; path = "ZIPTracker/Views/ZCTAVisitRow.swift"; sourceTree = "<group>"; };
		AAAA00000000000000000086 /* PointInPolygon.swift */ = {isa = PBXFileReference; lastKnownFileType = sourcecode.swift; name = "PointInPolygon.swift"; path = "ZIPTracker/ZCTA/PointInPolygon.swift"; sourceTree = "<group>"; };
		AAAA00000000000000000088 /* SpatialIndexTypes.swift */ = {isa = PBXFileReference; lastKnownFileType = sourcecode.swift; name = "SpatialIndexTypes.swift"; path = "ZIPTracker/ZCTA/SpatialIndexTypes.swift"; sourceTree = "<group>"; };
		AAAA0000000000000000008A /* ZCTABundleMetadata.swift */ = {isa = PBXFileReference; lastKnownFileType = sourcecode.swift; name = "ZCTABundleMetadata.swift"; path = "ZIPTracker/ZCTA/ZCTABundleMetadata.swift"; sourceTree = "<group>"; };
		AAAA0000000000000000008C /* ZCTADatabase.swift */ = {isa = PBXFileReference; lastKnownFileType = sourcecode.swift; name = "ZCTADatabase.swift"; path = "ZIPTracker/ZCTA/ZCTADatabase.swift"; sourceTree = "<group>"; };
		AAAA0000000000000000008E /* ZCTAGeometryService.swift */ = {isa = PBXFileReference; lastKnownFileType = sourcecode.swift; name = "ZCTAGeometryService.swift"; path = "ZIPTracker/ZCTA/ZCTAGeometryService.swift"; sourceTree = "<group>"; };
		AAAA00000000000000000090 /* ZCTAIndex.swift */ = {isa = PBXFileReference; lastKnownFileType = sourcecode.swift; name = "ZCTAIndex.swift"; path = "ZIPTracker/ZCTA/ZCTAIndex.swift"; sourceTree = "<group>"; };
		AAAA00000000000000000092 /* ZCTAPolygon.swift */ = {isa = PBXFileReference; lastKnownFileType = sourcecode.swift; name = "ZCTAPolygon.swift"; path = "ZIPTracker/ZCTA/ZCTAPolygon.swift"; sourceTree = "<group>"; };
		AAAA00000000000000000094 /* ZCTAPolygonCodec.swift */ = {isa = PBXFileReference; lastKnownFileType = sourcecode.swift; name = "ZCTAPolygonCodec.swift"; path = "ZIPTracker/ZCTA/ZCTAPolygonCodec.swift"; sourceTree = "<group>"; };
		AAAA00000000000000000099 /* CSVServiceTests.swift */ = {isa = PBXFileReference; lastKnownFileType = sourcecode.swift; name = "CSVServiceTests.swift"; path = "Tests/CSVServiceTests.swift"; sourceTree = "<group>"; };
		AAAA0000000000000000009B /* LocationFilterTests.swift */ = {isa = PBXFileReference; lastKnownFileType = sourcecode.swift; name = "LocationFilterTests.swift"; path = "Tests/LocationFilterTests.swift"; sourceTree = "<group>"; };
		AAAA0000000000000000009D /* MapZoomResolverTests.swift */ = {isa = PBXFileReference; lastKnownFileType = sourcecode.swift; name = "MapZoomResolverTests.swift"; path = "Tests/MapZoomResolverTests.swift"; sourceTree = "<group>"; };
		AAAA0000000000000000009F /* PointInPolygonTests.swift */ = {isa = PBXFileReference; lastKnownFileType = sourcecode.swift; name = "PointInPolygonTests.swift"; path = "Tests/PointInPolygonTests.swift"; sourceTree = "<group>"; };
		AAAA000000000000000000A1 /* StatisticsServiceTests.swift */ = {isa = PBXFileReference; lastKnownFileType = sourcecode.swift; name = "StatisticsServiceTests.swift"; path = "Tests/StatisticsServiceTests.swift"; sourceTree = "<group>"; };
		AAAA000000000000000000A3 /* VisitTransitionServiceTests.swift */ = {isa = PBXFileReference; lastKnownFileType = sourcecode.swift; name = "VisitTransitionServiceTests.swift"; path = "Tests/VisitTransitionServiceTests.swift"; sourceTree = "<group>"; };
		AAAA000000000000000000A5 /* ZCTAIndexTests.swift */ = {isa = PBXFileReference; lastKnownFileType = sourcecode.swift; name = "ZCTAIndexTests.swift"; path = "Tests/ZCTAIndexTests.swift"; sourceTree = "<group>"; };
		AAAA000000000000000000A7 /* ZCTAPolygonCodecTests.swift */ = {isa = PBXFileReference; lastKnownFileType = sourcecode.swift; name = "ZCTAPolygonCodecTests.swift"; path = "Tests/ZCTAPolygonCodecTests.swift"; sourceTree = "<group>"; };
/* End PBXFileReference section */

/* Begin PBXFrameworksBuildPhase section */
		AAAA000000000000000000AC /* Frameworks */ = {
			isa = PBXFrameworksBuildPhase;
			buildActionMask = 2147483647;
			files = (

			);
			runOnlyForDeploymentPostprocessing = 0;
		};
		AAAA000000000000000000AF /* Frameworks */ = {
			isa = PBXFrameworksBuildPhase;
			buildActionMask = 2147483647;
			files = (

			);
			runOnlyForDeploymentPostprocessing = 0;
		};
/* End PBXFrameworksBuildPhase section */

/* Begin PBXGroup section */
		AAAA000000000000000000B0 /* App */ = {
			isa = PBXGroup;
			children = (
				AAAA00000000000000000008 /* AppConstants.swift */,
				AAAA0000000000000000000A /* AppDelegate.swift */,
				AAAA0000000000000000000C /* DependencyContainer.swift */,
				AAAA0000000000000000000E /* ZIPTrackerApp.swift */,
			);
			name = "App";
			sourceTree = "<group>";
		};
		AAAA000000000000000000B1 /* Location */ = {
			isa = PBXGroup;
			children = (
				AAAA00000000000000000010 /* BackgroundLocationService.swift */,
				AAAA00000000000000000012 /* LocationAuthorizationService.swift */,
				AAAA00000000000000000014 /* LocationEventProcessor.swift */,
				AAAA00000000000000000016 /* LocationFilter.swift */,
				AAAA00000000000000000018 /* SimulatedLocationPlayer.swift */,
				AAAA0000000000000000001A /* TrackingState.swift */,
			);
			name = "Location";
			sourceTree = "<group>";
		};
		AAAA000000000000000000B2 /* Map */ = {
			isa = PBXGroup;
			children = (
				AAAA0000000000000000001C /* MapZoomResolver.swift */,
				AAAA0000000000000000001E /* TrackerMapCoordinator.swift */,
				AAAA00000000000000000020 /* TrackerMapViewRepresentable.swift */,
				AAAA00000000000000000022 /* ZCTAOverlayFactory.swift */,
				AAAA00000000000000000024 /* ZCTAOverlayRenderer.swift */,
				AAAA00000000000000000026 /* ZTAMapAnnotation.swift */,
			);
			name = "Map";
			sourceTree = "<group>";
		};
		AAAA000000000000000000B3 /* Models */ = {
			isa = PBXGroup;
			children = (
				AAAA00000000000000000028 /* AppSettings.swift */,
				AAAA0000000000000000002A /* ExportRecord.swift */,
				AAAA0000000000000000002C /* ModelSchema.swift */,
				AAAA0000000000000000002E /* TrackedZCTA.swift */,
				AAAA00000000000000000030 /* TrackingEventLog.swift */,
				AAAA00000000000000000032 /* ValueTypes.swift */,
				AAAA00000000000000000034 /* ZCTAVisit.swift */,
			);
			name = "Models";
			sourceTree = "<group>";
		};
		AAAA000000000000000000B4 /* Services */ = {
			isa = PBXGroup;
			children = (
				AAAA00000000000000000036 /* CSVService.swift */,
				AAAA00000000000000000038 /* ExportService.swift */,
				AAAA0000000000000000003A /* FileStore.swift */,
				AAAA0000000000000000003C /* HapticsService.swift */,
				AAAA0000000000000000003E /* SampleDataService.swift */,
				AAAA00000000000000000040 /* StatisticsService.swift */,
				AAAA00000000000000000042 /* VisitTransitionService.swift */,
			);
			name = "Services";
			sourceTree = "<group>";
		};
		AAAA000000000000000000B5 /* ViewModels */ = {
			isa = PBXGroup;
			children = (
				AAAA00000000000000000044 /* DashboardViewModel.swift */,
				AAAA00000000000000000046 /* DataStatusViewModel.swift */,
				AAAA00000000000000000048 /* HistoryViewModel.swift */,
				AAAA0000000000000000004A /* MapViewModel.swift */,
				AAAA0000000000000000004C /* RootViewModel.swift */,
				AAAA0000000000000000004E /* SettingsViewModel.swift */,
				AAAA00000000000000000050 /* ZCTADetailViewModel.swift */,
			);
			name = "ViewModels";
			sourceTree = "<group>";
		};
		AAAA000000000000000000B6 /* Views */ = {
			isa = PBXGroup;
			children = (
				AAAA00000000000000000052 /* AppTabView.swift */,
				AAAA00000000000000000060 /* CurrentZCTACard.swift */,
				AAAA00000000000000000062 /* DashboardView.swift */,
				AAAA00000000000000000064 /* DataStatusView.swift */,
				AAAA00000000000000000066 /* ExportDataView.swift */,
				AAAA00000000000000000068 /* HistoryView.swift */,
				AAAA0000000000000000006A /* MapControlsPanel.swift */,
				AAAA0000000000000000006C /* OnboardingView.swift */,
				AAAA0000000000000000006E /* PermissionEducationView.swift */,
				AAAA00000000000000000070 /* PrivacyHelpView.swift */,
				AAAA00000000000000000072 /* RootView.swift */,
				AAAA00000000000000000074 /* SelectedZCTACard.swift */,
				AAAA00000000000000000076 /* SettingsView.swift */,
				AAAA00000000000000000078 /* StatisticsView.swift */,
				AAAA0000000000000000007A /* TrackerMapView.swift */,
				AAAA0000000000000000007C /* TrackingSettingsView.swift */,
				AAAA0000000000000000007E /* TrackingStatusCard.swift */,
				AAAA00000000000000000080 /* VisitTimelineView.swift */,
				AAAA00000000000000000082 /* ZCTADetailView.swift */,
				AAAA00000000000000000084 /* ZCTAVisitRow.swift */,
			);
			name = "Views";
			sourceTree = "<group>";
		};
		AAAA000000000000000000B7 /* Components */ = {
			isa = PBXGroup;
			children = (
				AAAA00000000000000000054 /* ActivityView.swift */,
				AAAA00000000000000000056 /* EmptyStateView.swift */,
				AAAA00000000000000000058 /* ErrorBanner.swift */,
				AAAA0000000000000000005A /* Formatters.swift */,
				AAAA0000000000000000005C /* GlassPanel.swift */,
				AAAA0000000000000000005E /* PrimaryButton.swift */,
			);
			name = "Components";
			sourceTree = "<group>";
		};
		AAAA000000000000000000B8 /* ZCTA */ = {
			isa = PBXGroup;
			children = (
				AAAA00000000000000000086 /* PointInPolygon.swift */,
				AAAA00000000000000000088 /* SpatialIndexTypes.swift */,
				AAAA0000000000000000008A /* ZCTABundleMetadata.swift */,
				AAAA0000000000000000008C /* ZCTADatabase.swift */,
				AAAA0000000000000000008E /* ZCTAGeometryService.swift */,
				AAAA00000000000000000090 /* ZCTAIndex.swift */,
				AAAA00000000000000000092 /* ZCTAPolygon.swift */,
				AAAA00000000000000000094 /* ZCTAPolygonCodec.swift */,
			);
			name = "ZCTA";
			sourceTree = "<group>";
		};
		AAAA000000000000000000B9 /* Resources */ = {
			isa = PBXGroup;
			children = (
				AAAA00000000000000000003 /* Info.plist */,
				AAAA00000000000000000005 /* Assets.xcassets */,
				AAAA00000000000000000004 /* PrivacyInfo.xcprivacy */,
				AAAA00000000000000000006 /* ZCTA */,
			);
			name = "Resources";
			sourceTree = "<group>";
		};
		AAAA000000000000000000BA /* ZIPTracker */ = {
			isa = PBXGroup;
			children = (
				AAAA000000000000000000B0 /* App */,
				AAAA000000000000000000B1 /* Location */,
				AAAA000000000000000000B2 /* Map */,
				AAAA000000000000000000B3 /* Models */,
				AAAA000000000000000000B4 /* Services */,
				AAAA000000000000000000B5 /* ViewModels */,
				AAAA000000000000000000B6 /* Views */,
				AAAA000000000000000000B7 /* Components */,
				AAAA000000000000000000B8 /* ZCTA */,
				AAAA000000000000000000B9 /* Resources */,
			);
			name = "ZIPTracker";
			sourceTree = "<group>";
		};
		AAAA000000000000000000BB /* Tests */ = {
			isa = PBXGroup;
			children = (
				AAAA00000000000000000099 /* CSVServiceTests.swift */,
				AAAA0000000000000000009B /* LocationFilterTests.swift */,
				AAAA0000000000000000009D /* MapZoomResolverTests.swift */,
				AAAA0000000000000000009F /* PointInPolygonTests.swift */,
				AAAA000000000000000000A1 /* StatisticsServiceTests.swift */,
				AAAA000000000000000000A3 /* VisitTransitionServiceTests.swift */,
				AAAA000000000000000000A5 /* ZCTAIndexTests.swift */,
				AAAA000000000000000000A7 /* ZCTAPolygonCodecTests.swift */,
			);
			name = "Tests";
			sourceTree = "<group>";
		};
		AAAA000000000000000000BC /* Products */ = {
			isa = PBXGroup;
			children = (
				AAAA00000000000000000001 /* ZIPTracker.app */,
				AAAA00000000000000000002 /* ZIPTrackerTests.xctest */,
			);
			name = "Products";
			sourceTree = "<group>";
		};
		AAAA000000000000000000BD /* group */ = {
			isa = PBXGroup;
			children = (
				AAAA000000000000000000BA /* ZIPTracker */,
				AAAA000000000000000000BB /* Tests */,
				AAAA000000000000000000BC /* Products */,
			);
			sourceTree = "<group>";
		};
/* End PBXGroup section */

/* Begin PBXNativeTarget section */
		AAAA000000000000000000C7 /* ZIPTracker */ = {
			isa = PBXNativeTarget;
			buildConfigurationList = AAAA000000000000000000C3 /* Build configuration list for PBXNativeTarget "ZIPTracker" */;
			buildPhases = (
				AAAA000000000000000000AA /* Sources */,
				AAAA000000000000000000AC /* Frameworks */,
				AAAA000000000000000000AB /* Resources */,
			);
			buildRules = ();
			dependencies = ();
			name = ZIPTracker;
			productName = ZIPTracker;
			productReference = AAAA00000000000000000001 /* ZIPTracker.app */;
			productType = "com.apple.product-type.application";
		};
		AAAA000000000000000000C8 /* ZIPTrackerTests */ = {
			isa = PBXNativeTarget;
			buildConfigurationList = AAAA000000000000000000C6 /* Build configuration list for PBXNativeTarget "ZIPTrackerTests" */;
			buildPhases = (
				AAAA000000000000000000AD /* Sources */,
				AAAA000000000000000000AF /* Frameworks */,
				AAAA000000000000000000AE /* Resources */,
			);
			buildRules = ();
			dependencies = (
				AAAA000000000000000000CA /* PBXTargetDependency */,
			);
			name = ZIPTrackerTests;
			productName = ZIPTrackerTests;
			productReference = AAAA00000000000000000002 /* ZIPTrackerTests.xctest */;
			productType = "com.apple.product-type.bundle.unit-test";
		};
/* End PBXNativeTarget section */

/* Begin PBXProject section */
		AAAA000000000000DEADBEEF /* Project object */ = {
			isa = PBXProject;
			attributes = {
				LastSwiftUpdateCheck = 1700;
				LastUpgradeCheck = 1700;
				TargetAttributes = {
					AAAA000000000000000000C7 = {CreatedOnToolsVersion = 17.0;};
					AAAA000000000000000000C8 = {CreatedOnToolsVersion = 17.0; TestTargetID = AAAA000000000000000000C7;};
				};
			};
			buildConfigurationList = AAAA000000000000000000C0 /* Build configuration list for PBXProject "ZIPTracker" */;
			compatibilityVersion = "Xcode 15.0";
			developmentRegion = en;
			hasScannedForEncodings = 0;
			knownRegions = (
				en,
				Base,
			);
			mainGroup = AAAA000000000000000000BD;
			productRefGroup = AAAA000000000000000000BC /* Products */;
			projectDirPath = "";
			projectRoot = "";
			targets = (
				AAAA000000000000000000C7 /* ZIPTracker */,
				AAAA000000000000000000C8 /* ZIPTrackerTests */,
			);
		};
/* End PBXProject section */

/* Begin PBXResourcesBuildPhase section */
		AAAA000000000000000000AB /* Resources */ = {
			isa = PBXResourcesBuildPhase;
			buildActionMask = 2147483647;
			files = (
				AAAA00000000000000000096 /* Resources */,
				AAAA00000000000000000097 /* Resources */,
				AAAA00000000000000000098 /* Resources */,
			);
			runOnlyForDeploymentPostprocessing = 0;
		};
		AAAA000000000000000000AE /* Resources */ = {
			isa = PBXResourcesBuildPhase;
			buildActionMask = 2147483647;
			files = (
				AAAA000000000000000000A9 /* Resources */,
			);
			runOnlyForDeploymentPostprocessing = 0;
		};
/* End PBXResourcesBuildPhase section */

/* Begin PBXSourcesBuildPhase section */
		AAAA000000000000000000AA /* Sources */ = {
			isa = PBXSourcesBuildPhase;
			buildActionMask = 2147483647;
			files = (
				AAAA00000000000000000009 /* Sources */,
				AAAA0000000000000000000B /* Sources */,
				AAAA0000000000000000000D /* Sources */,
				AAAA0000000000000000000F /* Sources */,
				AAAA00000000000000000011 /* Sources */,
				AAAA00000000000000000013 /* Sources */,
				AAAA00000000000000000015 /* Sources */,
				AAAA00000000000000000017 /* Sources */,
				AAAA00000000000000000019 /* Sources */,
				AAAA0000000000000000001B /* Sources */,
				AAAA0000000000000000001D /* Sources */,
				AAAA0000000000000000001F /* Sources */,
				AAAA00000000000000000021 /* Sources */,
				AAAA00000000000000000023 /* Sources */,
				AAAA00000000000000000025 /* Sources */,
				AAAA00000000000000000027 /* Sources */,
				AAAA00000000000000000029 /* Sources */,
				AAAA0000000000000000002B /* Sources */,
				AAAA0000000000000000002D /* Sources */,
				AAAA0000000000000000002F /* Sources */,
				AAAA00000000000000000031 /* Sources */,
				AAAA00000000000000000033 /* Sources */,
				AAAA00000000000000000035 /* Sources */,
				AAAA00000000000000000037 /* Sources */,
				AAAA00000000000000000039 /* Sources */,
				AAAA0000000000000000003B /* Sources */,
				AAAA0000000000000000003D /* Sources */,
				AAAA0000000000000000003F /* Sources */,
				AAAA00000000000000000041 /* Sources */,
				AAAA00000000000000000043 /* Sources */,
				AAAA00000000000000000045 /* Sources */,
				AAAA00000000000000000047 /* Sources */,
				AAAA00000000000000000049 /* Sources */,
				AAAA0000000000000000004B /* Sources */,
				AAAA0000000000000000004D /* Sources */,
				AAAA0000000000000000004F /* Sources */,
				AAAA00000000000000000051 /* Sources */,
				AAAA00000000000000000053 /* Sources */,
				AAAA00000000000000000055 /* Sources */,
				AAAA00000000000000000057 /* Sources */,
				AAAA00000000000000000059 /* Sources */,
				AAAA0000000000000000005B /* Sources */,
				AAAA0000000000000000005D /* Sources */,
				AAAA0000000000000000005F /* Sources */,
				AAAA00000000000000000061 /* Sources */,
				AAAA00000000000000000063 /* Sources */,
				AAAA00000000000000000065 /* Sources */,
				AAAA00000000000000000067 /* Sources */,
				AAAA00000000000000000069 /* Sources */,
				AAAA0000000000000000006B /* Sources */,
				AAAA0000000000000000006D /* Sources */,
				AAAA0000000000000000006F /* Sources */,
				AAAA00000000000000000071 /* Sources */,
				AAAA00000000000000000073 /* Sources */,
				AAAA00000000000000000075 /* Sources */,
				AAAA00000000000000000077 /* Sources */,
				AAAA00000000000000000079 /* Sources */,
				AAAA0000000000000000007B /* Sources */,
				AAAA0000000000000000007D /* Sources */,
				AAAA0000000000000000007F /* Sources */,
				AAAA00000000000000000081 /* Sources */,
				AAAA00000000000000000083 /* Sources */,
				AAAA00000000000000000085 /* Sources */,
				AAAA00000000000000000087 /* Sources */,
				AAAA00000000000000000089 /* Sources */,
				AAAA0000000000000000008B /* Sources */,
				AAAA0000000000000000008D /* Sources */,
				AAAA0000000000000000008F /* Sources */,
				AAAA00000000000000000091 /* Sources */,
				AAAA00000000000000000093 /* Sources */,
				AAAA00000000000000000095 /* Sources */,
			);
			runOnlyForDeploymentPostprocessing = 0;
		};
		AAAA000000000000000000AD /* Sources */ = {
			isa = PBXSourcesBuildPhase;
			buildActionMask = 2147483647;
			files = (
				AAAA0000000000000000009A /* Sources */,
				AAAA0000000000000000009C /* Sources */,
				AAAA0000000000000000009E /* Sources */,
				AAAA000000000000000000A0 /* Sources */,
				AAAA000000000000000000A2 /* Sources */,
				AAAA000000000000000000A4 /* Sources */,
				AAAA000000000000000000A6 /* Sources */,
				AAAA000000000000000000A8 /* Sources */,
			);
			runOnlyForDeploymentPostprocessing = 0;
		};
/* End PBXSourcesBuildPhase section */

/* Begin PBXTargetDependency section */
		AAAA000000000000000000CA /* PBXTargetDependency */ = {
			isa = PBXTargetDependency;
			target = AAAA000000000000000000C7 /* ZIPTracker */;
			targetProxy = AAAA000000000000000000C9 /* PBXContainerItemProxy */;
		};
/* End PBXTargetDependency section */

/* Begin XCBuildConfiguration section */
		AAAA000000000000000000BE /* Debug */ = {
			isa = XCBuildConfiguration;
			buildSettings = {
				ALWAYS_SEARCH_USER_PATHS = NO;
				CLANG_ENABLE_MODULES = YES;
				CLANG_ENABLE_OBJC_ARC = YES;
				ENABLE_STRICT_OBJC_MSGSEND = YES;
				GCC_C_LANGUAGE_STANDARD = gnu11;
				IPHONEOS_DEPLOYMENT_TARGET = 17.0;
				SDKROOT = iphoneos;
				SWIFT_VERSION = 5.0;
				MARKETING_VERSION = 1.0;
				CURRENT_PROJECT_VERSION = 1;
				ENABLE_TESTABILITY = YES;
				GCC_PREPROCESSOR_DEFINITIONS = "DEBUG=1 $(inherited)";
				SWIFT_ACTIVE_COMPILATION_CONDITIONS = "DEBUG $(inherited)";
				SWIFT_OPTIMIZATION_LEVEL = "-Onone";
				ONLY_ACTIVE_ARCH = YES;
			};
			name = Debug;
		};
		AAAA000000000000000000BF /* Release */ = {
			isa = XCBuildConfiguration;
			buildSettings = {
				ALWAYS_SEARCH_USER_PATHS = NO;
				CLANG_ENABLE_MODULES = YES;
				CLANG_ENABLE_OBJC_ARC = YES;
				ENABLE_STRICT_OBJC_MSGSEND = YES;
				GCC_C_LANGUAGE_STANDARD = gnu11;
				IPHONEOS_DEPLOYMENT_TARGET = 17.0;
				SDKROOT = iphoneos;
				SWIFT_VERSION = 5.0;
				MARKETING_VERSION = 1.0;
				CURRENT_PROJECT_VERSION = 1;
				SWIFT_OPTIMIZATION_LEVEL = "-O";
				VALIDATE_PRODUCT = YES;
			};
			name = Release;
		};
		AAAA000000000000000000C1 /* Debug */ = {
			isa = XCBuildConfiguration;
			buildSettings = {
				PRODUCT_BUNDLE_IDENTIFIER = com.localfirst.ziptracker;
				PRODUCT_NAME = "$(TARGET_NAME)";
				INFOPLIST_FILE = ZIPTracker/Resources/Info.plist;
				GENERATE_INFOPLIST_FILE = NO;
				TARGETED_DEVICE_FAMILY = "1";
				ASSETCATALOG_COMPILER_APPICON_NAME = AppIcon;
				ASSETCATALOG_COMPILER_GLOBAL_ACCENT_COLOR_NAME = AccentColor;
				SWIFT_EMIT_LOC_STRINGS = YES;
				OTHER_LDFLAGS = "-lsqlite3";
				CODE_SIGN_STYLE = Automatic;
				CODE_SIGNING_ALLOWED = NO;
				ENABLE_PREVIEWS = YES;
			};
			name = Debug;
		};
		AAAA000000000000000000C2 /* Release */ = {
			isa = XCBuildConfiguration;
			buildSettings = {
				PRODUCT_BUNDLE_IDENTIFIER = com.localfirst.ziptracker;
				PRODUCT_NAME = "$(TARGET_NAME)";
				INFOPLIST_FILE = ZIPTracker/Resources/Info.plist;
				GENERATE_INFOPLIST_FILE = NO;
				TARGETED_DEVICE_FAMILY = "1";
				ASSETCATALOG_COMPILER_APPICON_NAME = AppIcon;
				ASSETCATALOG_COMPILER_GLOBAL_ACCENT_COLOR_NAME = AccentColor;
				SWIFT_EMIT_LOC_STRINGS = YES;
				OTHER_LDFLAGS = "-lsqlite3";
				CODE_SIGN_STYLE = Automatic;
				CODE_SIGNING_ALLOWED = NO;
				ENABLE_PREVIEWS = YES;
			};
			name = Release;
		};
		AAAA000000000000000000C4 /* Debug */ = {
			isa = XCBuildConfiguration;
			buildSettings = {
				PRODUCT_BUNDLE_IDENTIFIER = com.localfirst.ziptrackerTests;
				PRODUCT_NAME = "$(TARGET_NAME)";
				GENERATE_INFOPLIST_FILE = YES;
				TARGETED_DEVICE_FAMILY = "1";
				TEST_HOST = "$(BUILT_PRODUCTS_DIR)/ZIPTracker.app/$(BUNDLE_EXECUTABLE_FOLDER_PATH)/ZIPTracker";
				BUNDLE_LOADER = $(TEST_HOST);
				CODE_SIGN_STYLE = Automatic;
				CODE_SIGNING_ALLOWED = NO;
			};
			name = Debug;
		};
		AAAA000000000000000000C5 /* Release */ = {
			isa = XCBuildConfiguration;
			buildSettings = {
				PRODUCT_BUNDLE_IDENTIFIER = com.localfirst.ziptrackerTests;
				PRODUCT_NAME = "$(TARGET_NAME)";
				GENERATE_INFOPLIST_FILE = YES;
				TARGETED_DEVICE_FAMILY = "1";
				TEST_HOST = "$(BUILT_PRODUCTS_DIR)/ZIPTracker.app/$(BUNDLE_EXECUTABLE_FOLDER_PATH)/ZIPTracker";
				BUNDLE_LOADER = $(TEST_HOST);
				CODE_SIGN_STYLE = Automatic;
				CODE_SIGNING_ALLOWED = NO;
			};
			name = Release;
		};
/* End XCBuildConfiguration section */

/* Begin XCConfigurationList section */
		AAAA000000000000000000C0 /* Build configuration list for PBXProject "ZIPTracker" */ = {
			isa = XCConfigurationList;
			buildConfigurations = (
				AAAA000000000000000000BE /* Debug */,
				AAAA000000000000000000BF /* Release */,
			);
			defaultConfigurationIsVisible = 0;
			defaultConfigurationName = Release;
		};
		AAAA000000000000000000C3 /* Build configuration list for PBXNativeTarget "ZIPTracker" */ = {
			isa = XCConfigurationList;
			buildConfigurations = (
				AAAA000000000000000000C1 /* Debug */,
				AAAA000000000000000000C2 /* Release */,
			);
			defaultConfigurationIsVisible = 0;
			defaultConfigurationName = Release;
		};
		AAAA000000000000000000C6 /* Build configuration list for PBXNativeTarget "ZIPTrackerTests" */ = {
			isa = XCConfigurationList;
			buildConfigurations = (
				AAAA000000000000000000C4 /* Debug */,
				AAAA000000000000000000C5 /* Release */,
			);
			defaultConfigurationIsVisible = 0;
			defaultConfigurationName = Release;
		};
/* End XCConfigurationList section */
	};
	rootObject = AAAA000000000000DEADBEEF /* Project object */;
}
